{
  "name": "SwingTrade",
  "lockfileVersion": 3,
  "requires": true,
  "packages": {
    "": {
      "dependencies": {
        "@supabase/supabase-js": "^2.100.0",
        "react-datepicker": "^9.1.0"
      }
    },
    "node_modules/@floating-ui/core": {
      "version": "1.7.5",
      "resolved": "https://registry.npmjs.org/@floating-ui/core/-/core-1.7.5.tgz",
      "integrity": "sha512-1Ih4WTWyw0+lKyFMcBHGbb5U5FtuHJuujoyyr5zTaWS5EYMeT6Jb2AuDeftsCsEuchO+mM2ij5+q9crhydzLhQ==",
      "license": "MIT",
      "dependencies": {
        "@floating-ui/utils": "^0.2.11"
      }
    },
    "node_modules/@floating-ui/dom": {
      "version": "1.7.6",
      "resolved": "https://registry.npmjs.org/@floating-ui/dom/-/dom-1.7.6.tgz",
      "integrity": "sha512-9gZSAI5XM36880PPMm//9dfiEngYoC6Am2izES1FF406YFsjvyBMmeJ2g4SAju3xWwtuynNRFL2s9hgxpLI5SQ==",
      "license": "MIT",
      "dependencies": {
        "@floating-ui/core": "^1.7.5",
        "@floating-ui/utils": "^0.2.11"
      }
    },
    "node_modules/@floating-ui/react": {
      "version": "0.27.19",
      "resolved": "https://registry.npmjs.org/@floating-ui/react/-/react-0.27.19.tgz",
      "integrity": "sha512-31B8h5mm8YxotlE7/AU/PhNAl8eWxAmjL/v2QOxroDNkTFLk3Uu82u63N3b6TXa4EGJeeZLVcd/9AlNlVqzeog==",
      "license": "MIT",
      "dependencies": {
        "@floating-ui/react-dom": "^2.1.8",
        "@floating-ui/utils": "^0.2.11",
        "tabbable": "^6.0.0"
      },
      "peerDependencies": {
        "react": ">=17.0.0",
        "react-dom": ">=17.0.0"
      }
    },
    "node_modules/@floating-ui/react-dom": {
      "version": "2.1.8",
      "resolved": "https://registry.npmjs.org/@floating-ui/react-dom/-/react-dom-2.1.8.tgz",
      "integrity": "sha512-cC52bHwM/n/CxS87FH0yWdngEZrjdtLW/qVruo68qg+prK7ZQ4YGdut2GyDVpoGeAYe/h899rVeOVm6Oi40k2A==",
      "license": "MIT",
      "dependencies": {
        "@floating-ui/dom": "^1.7.6"
      },
      "peerDependencies": {
        "react": ">=16.8.0",
        "react-dom": ">=16.8.0"
      }
    },
    "node_modules/@floating-ui/utils": {
      "version": "0.2.11",
      "resolved": "https://registry.npmjs.org/@floating-ui/utils/-/utils-0.2.11.tgz",
      "integrity": "sha512-RiB/yIh78pcIxl6lLMG0CgBXAZ2Y0eVHqMPYugu+9U0AeT6YBeiJpf7lbdJNIugFP5SIjwNRgo4DhR1Qxi26Gg==",
      "license": "MIT"
    },
    "node_modules/@supabase/auth-js": {
      "version": "2.100.0",
      "resolved": "https://registry.npmjs.org/@supabase/auth-js/-/auth-js-2.100.0.tgz",
      "integrity": "sha512-pdT3ye3UVRN1Cg0wom6BmyY+XTtp5DiJaYnPi6j8ht5i8Lq8kfqxJMJz9GI9YDKk3w1nhGOPnh6Qz5qpyYm+1w==",
      "license": "MIT",
      "dependencies": {
        "tslib": "2.8.1"
      },
      "engines": {
        "node": ">=20.0.0"
      }
    },
    "node_modules/@supabase/functions-js": {
      "version": "2.100.0",
      "resolved": "https://registry.npmjs.org/@supabase/functions-js/-/functions-js-2.100.0.tgz",
      "integrity": "sha512-keLg79RPwP+uiwHuxFPTFgDRxPV46LM4j/swjyR2GKJgWniTVSsgiBHfbIBDcrQwehLepy09b/9QSHUywtKRWQ==",
      "license": "MIT",
      "dependencies": {
        "tslib": "2.8.1"
      },
      "engines": {
        "node": ">=20.0.0"
      }
    },
    "node_modules/@supabase/phoenix": {
      "version": "0.4.0",
      "resolved": "https://registry.npmjs.org/@supabase/phoenix/-/phoenix-0.4.0.tgz",
      "integrity": "sha512-RHSx8bHS02xwfHdAbX5Lpbo6PXbgyf7lTaXTlwtFDPwOIw64NnVRwFAXGojHhjtVYI+PEPNSWwkL90f4agN3bw==",
      "license": "MIT"
    },
    "node_modules/@supabase/postgrest-js": {
      "version": "2.100.0",
      "resolved": "https://registry.npmjs.org/@supabase/postgrest-js/-/postgrest-js-2.100.0.tgz",
      "integrity": "sha512-xYNvNbBJaXOGcrZ44wxwp5830uo1okMHGS8h8dm3u4f0xcZ39yzbryUsubTJW41MG2gbL/6U57cA4Pi6YMZ9pA==",
      "license": "MIT",
      "dependencies": {
        "tslib": "2.8.1"
      },
      "engines": {
        "node": ">=20.0.0"
      }
    },
    "node_modules/@supabase/realtime-js": {
      "version": "2.100.0",
      "resolved": "https://registry.npmjs.org/@supabase/realtime-js/-/realtime-js-2.100.0.tgz",
      "integrity": "sha512-2AZs00zzEF0HuCKY8grz5eCYlwEfVi5HONLZFoNR6aDfxQivl8zdQYNjyFoqN2MZiVhQHD7u6XV/xHwM8mCEHw==",
      "license": "MIT",
      "dependencies": {
        "@supabase/phoenix": "^0.4.0",
        "@types/ws": "^8.18.1",
        "tslib": "2.8.1",
        "ws": "^8.18.2"
      },
      "engines": {
        "node": ">=20.0.0"
      }
    },
    "node_modules/@supabase/storage-js": {
      "version": "2.100.0",
      "resolved": "https://registry.npmjs.org/@supabase/storage-js/-/storage-js-2.100.0.tgz",
      "integrity": "sha512-d4EeuK6RNIgYNA2MU9kj8lQrLm5AzZ+WwpWjGkii6SADQNIGTC/uiaTRu02XJ5AmFALQfo8fLl9xuCkO6Xw+iQ==",
      "license": "MIT",
      "dependencies": {
        "iceberg-js": "^0.8.1",
        "tslib": "2.8.1"
      },
      "engines": {
        "node": ">=20.0.0"
      }
    },
    "node_modules/@supabase/supabase-js": {
      "version": "2.100.0",
      "resolved": "https://registry.npmjs.org/@supabase/supabase-js/-/supabase-js-2.100.0.tgz",
      "integrity": "sha512-r0tlcukejJXJ1m/2eG/Ya5eYs4W8AC7oZfShpG3+SIo/eIU9uIt76ZeYI1SoUwUmcmzlAbgch+HDZDR/toVQPQ==",
      "license": "MIT",
      "dependencies": {
        "@supabase/auth-js": "2.100.0",
        "@supabase/functions-js": "2.100.0",
        "@supabase/postgrest-js": "2.100.0",
        "@supabase/realtime-js": "2.100.0",
        "@supabase/storage-js": "2.100.0"
      },
      "engines": {
        "node": ">=20.0.0"
      }
    },
    "node_modules/@types/node": {
      "version": "25.5.0",
      "resolved": "https://registry.npmjs.org/@types/node/-/node-25.5.0.tgz",
      "integrity": "sha512-jp2P3tQMSxWugkCUKLRPVUpGaL5MVFwF8RDuSRztfwgN1wmqJeMSbKlnEtQqU8UrhTmzEmZdu2I6v2dpp7XIxw==",
      "license": "MIT",
      "dependencies": {
        "undici-types": "~7.18.0"
      }
    },
    "node_modules/@types/ws": {
      "version": "8.18.1",
      "resolved": "https://registry.npmjs.org/@types/ws/-/ws-8.18.1.tgz",
      "integrity": "sha512-ThVF6DCVhA8kUGy+aazFQ4kXQ7E1Ty7A3ypFOe0IcJV8O/M511G99AW24irKrW56Wt44yG9+ij8FaqoBGkuBXg==",
      "license": "MIT",
      "dependencies": {
        "@types/node": "*"
      }
    },
    "node_modules/clsx": {
      "version": "2.1.1",
      "resolved": "https://registry.npmjs.org/clsx/-/clsx-2.1.1.tgz",
      "integrity": "sha512-eYm0QWBtUrBWZWG0d386OGAw16Z995PiOVo2B7bjWSbHedGl5e0ZWaq65kOGgUSNesEIDkB9ISbTg/JK9dhCZA==",
      "license": "MIT",
      "engines": {
        "node": ">=6"
      }
    },
    "node_modules/date-fns": {
      "version": "4.1.0",
      "resolved": "https://registry.npmjs.org/date-fns/-/date-fns-4.1.0.tgz",
      "integrity": "sha512-Ukq0owbQXxa/U3EGtsdVBkR1w7KOQ5gIBqdH2hkvknzZPYvBxb/aa6E8L7tmjFtkwZBu3UXBbjIgPo/Ez4xaNg==",
      "license": "MIT",
      "funding": {
        "type": "github",
        "url": "https://github.com/sponsors/kossnocorp"
      }
    },
    "node_modules/iceberg-js": {
      "version": "0.8.1",
      "resolved": "https://registry.npmjs.org/iceberg-js/-/iceberg-js-0.8.1.tgz",
      "integrity": "sha512-1dhVQZXhcHje7798IVM+xoo/1ZdVfzOMIc8/rgVSijRK38EDqOJoGula9N/8ZI5RD8QTxNQtK/Gozpr+qUqRRA==",
      "license": "MIT",
      "engines": {
        "node": ">=20.0.0"
      }
    },
    "node_modules/react": {
      "version": "19.2.4",
      "resolved": "https://registry.npmjs.org/react/-/react-19.2.4.tgz",
      "integrity": "sha512-9nfp2hYpCwOjAN+8TZFGhtWEwgvWHXqESH8qT89AT/lWklpLON22Lc8pEtnpsZz7VmawabSU0gCjnj8aC0euHQ==",
      "license": "MIT",
      "peer": true,
      "engines": {
        "node": ">=0.10.0"
      }
    },
    "node_modules/react-datepicker": {
      "version": "9.1.0",
      "resolved": "https://registry.npmjs.org/react-datepicker/-/react-datepicker-9.1.0.tgz",
      "integrity": "sha512-lOp+m5bc+ttgtB5MHEjwiVu4nlp4CvJLS/PG1OiOe5pmg9kV73pEqO8H0Geqvg2E8gjqTaL9eRhSe+ZpeKP3nA==",
      "license": "MIT",
      "dependencies": {
        "@floating-ui/react": "^0.27.15",
        "clsx": "^2.1.1",
        "date-fns": "^4.1.0"
      },
      "peerDependencies": {
        "date-fns-tz": "^3.0.0",
        "react": "^16.9.0 || ^17 || ^18 || ^19 || ^19.0.0-rc",
        "react-dom": "^16.9.0 || ^17 || ^18 || ^19 || ^19.0.0-rc"
      },
      "peerDependenciesMeta": {
        "date-fns-tz": {
          "optional": true
        }
      }
    },
    "node_modules/react-dom": {
      "version": "19.2.4",
      "resolved": "https://registry.npmjs.org/react-dom/-/react-dom-19.2.4.tgz",
      "integrity": "sha512-AXJdLo8kgMbimY95O2aKQqsz2iWi9jMgKJhRBAxECE4IFxfcazB2LmzloIoibJI3C12IlY20+KFaLv+71bUJeQ==",
      "license": "MIT",
      "peer": true,
      "dependencies": {
        "scheduler": "^0.27.0"
      },
      "peerDependencies": {
        "react": "^19.2.4"
      }
    },
    "node_modules/scheduler": {
      "version": "0.27.0",
      "resolved": "https://registry.npmjs.org/scheduler/-/scheduler-0.27.0.tgz",
      "integrity": "sha512-eNv+WrVbKu1f3vbYJT/xtiF5syA5HPIMtf9IgY/nKg0sWqzAUEvqY/xm7OcZc/qafLx/iO9FgOmeSAp4v5ti/Q==",
      "license": "MIT",
      "peer": true
    },
    "node_modules/tabbable": {
      "version": "6.4.0",
      "resolved": "https://registry.npmjs.org/tabbable/-/tabbable-6.4.0.tgz",
      "integrity": "sha512-05PUHKSNE8ou2dwIxTngl4EzcnsCDZGJ/iCLtDflR/SHB/ny14rXc+qU5P4mG9JkusiV7EivzY9Mhm55AzAvCg==",
      "license": "MIT"
    },
    "node_modules/tslib": {
      "version": "2.8.1",
      "resolved": "https://registry.npmjs.org/tslib/-/tslib-2.8.1.tgz",
      "integrity": "sha512-oJFu94HQb+KVduSUQL7wnpmqnfmLsOA/nAh6b6EH0wCEoK0/mPeXU6c3wKDV83MkOuHPRHtSXKKU99IBazS/2w==",
      "license": "0BSD"
    },
    "node_modules/undici-types": {
      "version": "7.18.2",
      "resolved": "https://registry.npmjs.org/undici-types/-/undici-types-7.18.2.tgz",
      "integrity": "sha512-AsuCzffGHJybSaRrmr5eHr81mwJU3kjw6M+uprWvCXiNeN9SOGwQ3Jn8jb8m3Z6izVgknn1R0FTCEAP2QrLY/w==",
      "license": "MIT"
    },
    "node_modules/ws": {
      "version": "8.20.0",
      "resolved": "https://registry.npmjs.org/ws/-/ws-8.20.0.tgz",
      "integrity": "sha512-sAt8BhgNbzCtgGbt2OxmpuryO63ZoDk/sqaB/znQm94T4fCEsy/yV+7CdC1kJhOU9lboAEU7R3kquuycDoibVA==",
      "license": "MIT",
      "engines": {
        "node": ">=10.0.0"
      },
      "peerDependencies": {
        "bufferutil": "^4.0.1",
        "utf-8-validate": ">=5.0.2"
      },
      "peerDependenciesMeta": {
        "bufferutil": {
          "optional": true
        },
        "utf-8-validate": {
          "optional": true
        }
      }
    }
  }
}
